
Microsoft Visual Studio Solution File, Format Version 12.00
# Visual Studio Version 17
VisualStudioVersion = 17.11.35303.130
MinimumVisualStudioVersion = 10.0.40219.1
Project("{FAE04EC0-301F-11D3-BF4B-00C04F79EFBC}") = "OUCR.Temperatura", "OUCR.Temperatura\OUCR.Temperatura.csproj", "{A904C928-C196-4FC0-BFCF-AA219931CA1F}"
EndProject
Project("{FAE04EC0-301F-11D3-BF4B-00C04F79EFBC}") = "OUCR.Temperatura.UnitTestMSTest", "OUCR.Temperatura.UnitTestMSTest\OUCR.Temperatura.UnitTestMSTest.csproj", "{0B9412D9-0582-454B-9314-962DEE948262}"
EndProject
Project("{FAE04EC0-301F-11D3-BF4B-00C04F79EFBC}") = "OUCR.Strings", "OUCR.Strings\OUCR.Strings.csproj", "{8D38016F-F46F-4115-8CF2-C1456CD127A8}"
EndProject
Project("{FAE04EC0-301F-11D3-BF4B-00C04F79EFBC}") = "OUCR.Temperatura.UnitTestxUnit", "OUCR.Temperatura.UnitTestxUnit\OUCR.Temperatura.UnitTestxUnit.csproj", "{80C2B748-494B-42DC-944E-77768DCC6CBA}"
EndProject
Global
	GlobalSection(SolutionConfigurationPlatforms) = preSolution
		Debug|Any CPU = Debug|Any CPU
		Release|Any CPU = Release|Any CPU
	EndGlobalSection
	GlobalSection(ProjectConfigurationPlatforms) = postSolution
		{A904C928-C196-4FC0-BFCF-AA219931CA1F}.Debug|Any CPU.ActiveCfg = Debug|Any CPU
		{A904C928-C196-4FC0-BFCF-AA219931CA1F}.Debug|Any CPU.Build.0 = Debug|Any CPU
		{A904C928-C196-4FC0-BFCF-AA219931CA1F}.Release|Any CPU.ActiveCfg = Release|Any CPU
		{A904C928-C196-4FC0-BFCF-AA219931CA1F}.Release|Any CPU.Build.0 = Release|Any CPU
		{0B9412D9-0582-454B-9314-962DEE948262}.Debug|Any CPU.ActiveCfg = Debug|Any CPU
		{0B9412D9-0582-454B-9314-962DEE948262}.Debug|Any CPU.Build.0 = Debug|Any CPU
		{0B9412D9-0582-454B-9314-962DEE948262}.Release|Any CPU.ActiveCfg = Release|Any CPU
		{0B9412D9-0582-454B-9314-962DEE948262}.Release|Any CPU.Build.0 = Release|Any CPU
		{8D38016F-F46F-4115-8CF2-C1456CD127A8}.Debug|Any CPU.ActiveCfg = Debug|Any CPU
		{8D38016F-F46F-4115-8CF2-C1456CD127A8}.Debug|Any CPU.Build.0 = Debug|Any CPU
		{8D38016F-F46F-4115-8CF2-C1456CD127A8}.Release|Any CPU.ActiveCfg = Release|Any CPU
		{8D38016F-F46F-4115-8CF2-C1456CD127A8}.Release|Any CPU.Build.0 = Release|Any CPU
		{80C2B748-494B-42DC-944E-77768DCC6CBA}.Debug|Any CPU.ActiveCfg = Debug|Any CPU
		{80C2B748-494B-42DC-944E-77768DCC6CBA}.Debug|Any CPU.Build.0 = Debug|Any CPU
		{80C2B748-494B-42DC-944E-77768DCC6CBA}.Release|Any CPU.ActiveCfg = Release|Any CPU
		{80C2B748-494B-42DC-944E-77768DCC6CBA}.Release|Any CPU.Build.0 = Release|Any CPU
	EndGlobalSection
	GlobalSection(SolutionProperties) = preSolution
		HideSolutionNode = FALSE
	EndGlobalSection
	GlobalSection(ExtensibilityGlobals) = postSolution
		SolutionGuid = {67CA76C8-5E1C-4E62-9C64-C5471CF1D343}
	EndGlobalSection
EndGlobal
